
Microsoft Visual Studio Solution File, Format Version 12.00
# Visual Studio Version 17
VisualStudioVersion = 17.7.34024.191
MinimumVisualStudioVersion = 10.0.40219.1
Project("{2150E333-8FDC-42A3-9474-1A3956D46DE8}") = "src", "src", "{6EFD74DD-740C-4890-BAC4-8FFE9D1C4C9B}"
EndProject
Project("{2150E333-8FDC-42A3-9474-1A3956D46DE8}") = "Core", "Core", "{D99D7A95-F01C-4D1F-A4DA-6537AC38D9F2}"
EndProject
Project("{2150E333-8FDC-42A3-9474-1A3956D46DE8}") = "External", "External", "{34CFD490-7571-4F3E-8C4F-503695F5B5E6}"
EndProject
Project("{9A19103F-16F7-4668-BE54-9A1E7A4F7556}") = "Infrastructure", "Infrastructure\Infrastructure.csproj", "{3A1AC708-D3F8-4D56-8C20-F74C507FB429}"
EndProject
Project("{9A19103F-16F7-4668-BE54-9A1E7A4F7556}") = "Presentation", "Presentation\Presentation.csproj", "{AC8589A0-628A-4984-B713-BE73A43A9A04}"
EndProject
Project("{9A19103F-16F7-4668-BE54-9A1E7A4F7556}") = "Application", "Application\Application.csproj", "{767320BF-9C3D-4997-87D1-952DA256C9C0}"
EndProject
Project("{9A19103F-16F7-4668-BE54-9A1E7A4F7556}") = "Domain", "Domain\Domain.csproj", "{B70C9E21-231B-4A22-BC73-EDD296469B28}"
EndProject
Project("{9A19103F-16F7-4668-BE54-9A1E7A4F7556}") = "PSPublicMessagingWebAPI", "PSPublicMessagingWebAPI\PSPublicMessagingWebAPI.csproj", "{809A0C3D-FF06-4AF7-9BE3-A8E871DCBA15}"
EndProject
Project("{E53339B2-1760-4266-BCC7-CA923CBCF16C}") = "docker-compose", "docker-compose.dcproj", "{E402E913-8F37-4C7A-A5CC-5ADB2F86E243}"
EndProject
Project("{9A19103F-16F7-4668-BE54-9A1E7A4F7556}") = "DesktopWinforms", "DesktopWinforms\DesktopWinforms.csproj", "{3D661358-2C5F-4DC4-9C63-145AE70A4E3E}"
EndProject
Project("{9A19103F-16F7-4668-BE54-9A1E7A4F7556}") = "Contract", "Contract\Contract.csproj", "{F667E62A-00FB-4A59-9BAF-23309CEBB39A}"
EndProject
Global
	GlobalSection(SolutionConfigurationPlatforms) = preSolution
		Debug|Any CPU = Debug|Any CPU
		Release|Any CPU = Release|Any CPU
	EndGlobalSection
	GlobalSection(ProjectConfigurationPlatforms) = postSolution
		{3A1AC708-D3F8-4D56-8C20-F74C507FB429}.Debug|Any CPU.ActiveCfg = Debug|Any CPU
		{3A1AC708-D3F8-4D56-8C20-F74C507FB429}.Debug|Any CPU.Build.0 = Debug|Any CPU
		{3A1AC708-D3F8-4D56-8C20-F74C507FB429}.Release|Any CPU.ActiveCfg = Release|Any CPU
		{3A1AC708-D3F8-4D56-8C20-F74C507FB429}.Release|Any CPU.Build.0 = Release|Any CPU
		{AC8589A0-628A-4984-B713-BE73A43A9A04}.Debug|Any CPU.ActiveCfg = Debug|Any CPU
		{AC8589A0-628A-4984-B713-BE73A43A9A04}.Debug|Any CPU.Build.0 = Debug|Any CPU
		{AC8589A0-628A-4984-B713-BE73A43A9A04}.Release|Any CPU.ActiveCfg = Release|Any CPU
		{AC8589A0-628A-4984-B713-BE73A43A9A04}.Release|Any CPU.Build.0 = Release|Any CPU
		{767320BF-9C3D-4997-87D1-952DA256C9C0}.Debug|Any CPU.ActiveCfg = Debug|Any CPU
		{767320BF-9C3D-4997-87D1-952DA256C9C0}.Debug|Any CPU.Build.0 = Debug|Any CPU
		{767320BF-9C3D-4997-87D1-952DA256C9C0}.Release|Any CPU.ActiveCfg = Release|Any CPU
		{767320BF-9C3D-4997-87D1-952DA256C9C0}.Release|Any CPU.Build.0 = Release|Any CPU
		{B70C9E21-231B-4A22-BC73-EDD296469B28}.Debug|Any CPU.ActiveCfg = Debug|Any CPU
		{B70C9E21-231B-4A22-BC73-EDD296469B28}.Debug|Any CPU.Build.0 = Debug|Any CPU
		{B70C9E21-231B-4A22-BC73-EDD296469B28}.Release|Any CPU.ActiveCfg = Release|Any CPU
		{B70C9E21-231B-4A22-BC73-EDD296469B28}.Release|Any CPU.Build.0 = Release|Any CPU
		{809A0C3D-FF06-4AF7-9BE3-A8E871DCBA15}.Debug|Any CPU.ActiveCfg = Debug|Any CPU
		{809A0C3D-FF06-4AF7-9BE3-A8E871DCBA15}.Debug|Any CPU.Build.0 = Debug|Any CPU
		{809A0C3D-FF06-4AF7-9BE3-A8E871DCBA15}.Release|Any CPU.ActiveCfg = Release|Any CPU
		{809A0C3D-FF06-4AF7-9BE3-A8E871DCBA15}.Release|Any CPU.Build.0 = Release|Any CPU
		{E402E913-8F37-4C7A-A5CC-5ADB2F86E243}.Debug|Any CPU.ActiveCfg = Debug|Any CPU
		{E402E913-8F37-4C7A-A5CC-5ADB2F86E243}.Debug|Any CPU.Build.0 = Debug|Any CPU
		{E402E913-8F37-4C7A-A5CC-5ADB2F86E243}.Release|Any CPU.ActiveCfg = Release|Any CPU
		{E402E913-8F37-4C7A-A5CC-5ADB2F86E243}.Release|Any CPU.Build.0 = Release|Any CPU
		{3D661358-2C5F-4DC4-9C63-145AE70A4E3E}.Debug|Any CPU.ActiveCfg = Debug|Any CPU
		{3D661358-2C5F-4DC4-9C63-145AE70A4E3E}.Debug|Any CPU.Build.0 = Debug|Any CPU
		{3D661358-2C5F-4DC4-9C63-145AE70A4E3E}.Release|Any CPU.ActiveCfg = Release|Any CPU
		{3D661358-2C5F-4DC4-9C63-145AE70A4E3E}.Release|Any CPU.Build.0 = Release|Any CPU
		{F667E62A-00FB-4A59-9BAF-23309CEBB39A}.Debug|Any CPU.ActiveCfg = Debug|Any CPU
		{F667E62A-00FB-4A59-9BAF-23309CEBB39A}.Debug|Any CPU.Build.0 = Debug|Any CPU
		{F667E62A-00FB-4A59-9BAF-23309CEBB39A}.Release|Any CPU.ActiveCfg = Release|Any CPU
		{F667E62A-00FB-4A59-9BAF-23309CEBB39A}.Release|Any CPU.Build.0 = Release|Any CPU
	EndGlobalSection
	GlobalSection(SolutionProperties) = preSolution
		HideSolutionNode = FALSE
	EndGlobalSection
	GlobalSection(NestedProjects) = preSolution
		{D99D7A95-F01C-4D1F-A4DA-6537AC38D9F2} = {6EFD74DD-740C-4890-BAC4-8FFE9D1C4C9B}
		{34CFD490-7571-4F3E-8C4F-503695F5B5E6} = {6EFD74DD-740C-4890-BAC4-8FFE9D1C4C9B}
		{3A1AC708-D3F8-4D56-8C20-F74C507FB429} = {34CFD490-7571-4F3E-8C4F-503695F5B5E6}
		{AC8589A0-628A-4984-B713-BE73A43A9A04} = {34CFD490-7571-4F3E-8C4F-503695F5B5E6}
		{767320BF-9C3D-4997-87D1-952DA256C9C0} = {D99D7A95-F01C-4D1F-A4DA-6537AC38D9F2}
		{B70C9E21-231B-4A22-BC73-EDD296469B28} = {D99D7A95-F01C-4D1F-A4DA-6537AC38D9F2}
		{809A0C3D-FF06-4AF7-9BE3-A8E871DCBA15} = {6EFD74DD-740C-4890-BAC4-8FFE9D1C4C9B}
		{3D661358-2C5F-4DC4-9C63-145AE70A4E3E} = {34CFD490-7571-4F3E-8C4F-503695F5B5E6}
		{F667E62A-00FB-4A59-9BAF-23309CEBB39A} = {D99D7A95-F01C-4D1F-A4DA-6537AC38D9F2}
	EndGlobalSection
	GlobalSection(ExtensibilityGlobals) = postSolution
		SolutionGuid = {7C528180-8C00-4EFD-9D60-BAFA47D2E6E0}
	EndGlobalSection
EndGlobal
