
Microsoft Visual Studio Solution File, Format Version 12.00
# Visual Studio Version 17
VisualStudioVersion = 17.7.34024.191
MinimumVisualStudioVersion = 10.0.40219.1
Project("{2150E333-8FDC-42A3-9474-1A3956D46DE8}") = "src", "src", "{6EFD74DD-740C-4890-BAC4-8FFE9D1C4C9B}"
EndProject
Project("{2150E333-8FDC-42A3-9474-1A3956D46DE8}") = "Core", "Core", "{D99D7A95-F01C-4D1F-A4DA-6537AC38D9F2}"
EndProject
Project("{2150E333-8FDC-42A3-9474-1A3956D46DE8}") = "External", "External", "{34CFD490-7571-4F3E-8C4F-503695F5B5E6}"
EndProject
Project("{9A19103F-16F7-4668-BE54-9A1E7A4F7556}") = "Infrastructure", "Infrastructure\Infrastructure.csproj", "{3A1AC708-D3F8-4D56-8C20-F74C507FB429}"
EndProject
Project("{9A19103F-16F7-4668-BE54-9A1E7A4F7556}") = "Presentation", "Presentation\Presentation.csproj", "{AC8589A0-628A-4984-B713-BE73A43A9A04}"
EndProject
Project("{9A19103F-16F7-4668-BE54-9A1E7A4F7556}") = "Application", "Application\Application.csproj", "{767320BF-9C3D-4997-87D1-952DA256C9C0}"
EndProject
Project("{9A19103F-16F7-4668-BE54-9A1E7A4F7556}") = "Domain", "Domain\Domain.csproj", "{B70C9E21-231B-4A22-BC73-EDD296469B28}"
EndProject
Project("{9A19103F-16F7-4668-BE54-9A1E7A4F7556}") = "PSPublicMessagingWebAPI", "PSPublicMessagingWebAPI\PSPublicMessagingWebAPI.csproj", "{809A0C3D-FF06-4AF7-9BE3-A8E871DCBA15}"
EndProject
Project("{9A19103F-16F7-4668-BE54-9A1E7A4F7556}") = "DesktopWinforms", "DesktopWinforms\DesktopWinforms.csproj", "{3D661358-2C5F-4DC4-9C63-145AE70A4E3E}"
EndProject
Project("{9A19103F-16F7-4668-BE54-9A1E7A4F7556}") = "Contract", "Contract\Contract.csproj", "{F667E62A-00FB-4A59-9BAF-23309CEBB39A}"
EndProject
Project("{2150E333-8FDC-42A3-9474-1A3956D46DE8}") = "Setup", "Setup", "{6F5F0131-CF3D-40B3-9D9C-575E96344A45}"
EndProject
Project("{9A19103F-16F7-4668-BE54-9A1E7A4F7556}") = "SharedToastMessage", "SharedToastMessage\SharedToastMessage.csproj", "{33F5F5A4-E812-47BB-97E7-5635FE019374}"
EndProject
Project("{9A19103F-16F7-4668-BE54-9A1E7A4F7556}") = "PSNotificationServiceAPI", "PSNotificationServiceAPI\PSNotificationServiceAPI.csproj", "{96FCAC16-D5DD-4367-8F76-CD4372AAE290}"
EndProject
Project("{54435603-DBB4-11D2-8724-00A0C9A8B90C}") = "SetupPSMessenger", "SetupPSMessenger\SetupPSMessenger.vdproj", "{010A13DF-4E65-4FD0-ACA5-124B73A768BD}"
EndProject
Global
	GlobalSection(SolutionConfigurationPlatforms) = preSolution
		Debug|Any CPU = Debug|Any CPU
		Debug|x86 = Debug|x86
		Release|Any CPU = Release|Any CPU
		Release|x86 = Release|x86
	EndGlobalSection
	GlobalSection(ProjectConfigurationPlatforms) = postSolution
		{3A1AC708-D3F8-4D56-8C20-F74C507FB429}.Debug|Any CPU.ActiveCfg = Debug|Any CPU
		{3A1AC708-D3F8-4D56-8C20-F74C507FB429}.Debug|Any CPU.Build.0 = Debug|Any CPU
		{3A1AC708-D3F8-4D56-8C20-F74C507FB429}.Debug|x86.ActiveCfg = Debug|Any CPU
		{3A1AC708-D3F8-4D56-8C20-F74C507FB429}.Debug|x86.Build.0 = Debug|Any CPU
		{3A1AC708-D3F8-4D56-8C20-F74C507FB429}.Release|Any CPU.ActiveCfg = Release|Any CPU
		{3A1AC708-D3F8-4D56-8C20-F74C507FB429}.Release|Any CPU.Build.0 = Release|Any CPU
		{3A1AC708-D3F8-4D56-8C20-F74C507FB429}.Release|x86.ActiveCfg = Release|Any CPU
		{3A1AC708-D3F8-4D56-8C20-F74C507FB429}.Release|x86.Build.0 = Release|Any CPU
		{AC8589A0-628A-4984-B713-BE73A43A9A04}.Debug|Any CPU.ActiveCfg = Debug|Any CPU
		{AC8589A0-628A-4984-B713-BE73A43A9A04}.Debug|Any CPU.Build.0 = Debug|Any CPU
		{AC8589A0-628A-4984-B713-BE73A43A9A04}.Debug|x86.ActiveCfg = Debug|Any CPU
		{AC8589A0-628A-4984-B713-BE73A43A9A04}.Debug|x86.Build.0 = Debug|Any CPU
		{AC8589A0-628A-4984-B713-BE73A43A9A04}.Release|Any CPU.ActiveCfg = Release|Any CPU
		{AC8589A0-628A-4984-B713-BE73A43A9A04}.Release|Any CPU.Build.0 = Release|Any CPU
		{AC8589A0-628A-4984-B713-BE73A43A9A04}.Release|x86.ActiveCfg = Release|Any CPU
		{AC8589A0-628A-4984-B713-BE73A43A9A04}.Release|x86.Build.0 = Release|Any CPU
		{767320BF-9C3D-4997-87D1-952DA256C9C0}.Debug|Any CPU.ActiveCfg = Debug|Any CPU
		{767320BF-9C3D-4997-87D1-952DA256C9C0}.Debug|Any CPU.Build.0 = Debug|Any CPU
		{767320BF-9C3D-4997-87D1-952DA256C9C0}.Debug|x86.ActiveCfg = Debug|Any CPU
		{767320BF-9C3D-4997-87D1-952DA256C9C0}.Debug|x86.Build.0 = Debug|Any CPU
		{767320BF-9C3D-4997-87D1-952DA256C9C0}.Release|Any CPU.ActiveCfg = Release|Any CPU
		{767320BF-9C3D-4997-87D1-952DA256C9C0}.Release|Any CPU.Build.0 = Release|Any CPU
		{767320BF-9C3D-4997-87D1-952DA256C9C0}.Release|x86.ActiveCfg = Release|Any CPU
		{767320BF-9C3D-4997-87D1-952DA256C9C0}.Release|x86.Build.0 = Release|Any CPU
		{B70C9E21-231B-4A22-BC73-EDD296469B28}.Debug|Any CPU.ActiveCfg = Debug|Any CPU
		{B70C9E21-231B-4A22-BC73-EDD296469B28}.Debug|Any CPU.Build.0 = Debug|Any CPU
		{B70C9E21-231B-4A22-BC73-EDD296469B28}.Debug|x86.ActiveCfg = Debug|Any CPU
		{B70C9E21-231B-4A22-BC73-EDD296469B28}.Debug|x86.Build.0 = Debug|Any CPU
		{B70C9E21-231B-4A22-BC73-EDD296469B28}.Release|Any CPU.ActiveCfg = Release|Any CPU
		{B70C9E21-231B-4A22-BC73-EDD296469B28}.Release|Any CPU.Build.0 = Release|Any CPU
		{B70C9E21-231B-4A22-BC73-EDD296469B28}.Release|x86.ActiveCfg = Release|Any CPU
		{B70C9E21-231B-4A22-BC73-EDD296469B28}.Release|x86.Build.0 = Release|Any CPU
		{809A0C3D-FF06-4AF7-9BE3-A8E871DCBA15}.Debug|Any CPU.ActiveCfg = Debug|Any CPU
		{809A0C3D-FF06-4AF7-9BE3-A8E871DCBA15}.Debug|Any CPU.Build.0 = Debug|Any CPU
		{809A0C3D-FF06-4AF7-9BE3-A8E871DCBA15}.Debug|x86.ActiveCfg = Debug|Any CPU
		{809A0C3D-FF06-4AF7-9BE3-A8E871DCBA15}.Debug|x86.Build.0 = Debug|Any CPU
		{809A0C3D-FF06-4AF7-9BE3-A8E871DCBA15}.Release|Any CPU.ActiveCfg = Release|Any CPU
		{809A0C3D-FF06-4AF7-9BE3-A8E871DCBA15}.Release|Any CPU.Build.0 = Release|Any CPU
		{809A0C3D-FF06-4AF7-9BE3-A8E871DCBA15}.Release|x86.ActiveCfg = Release|Any CPU
		{809A0C3D-FF06-4AF7-9BE3-A8E871DCBA15}.Release|x86.Build.0 = Release|Any CPU
		{3D661358-2C5F-4DC4-9C63-145AE70A4E3E}.Debug|Any CPU.ActiveCfg = Debug|Any CPU
		{3D661358-2C5F-4DC4-9C63-145AE70A4E3E}.Debug|Any CPU.Build.0 = Debug|Any CPU
		{3D661358-2C5F-4DC4-9C63-145AE70A4E3E}.Debug|x86.ActiveCfg = Debug|Any CPU
		{3D661358-2C5F-4DC4-9C63-145AE70A4E3E}.Debug|x86.Build.0 = Debug|Any CPU
		{3D661358-2C5F-4DC4-9C63-145AE70A4E3E}.Release|Any CPU.ActiveCfg = Release|Any CPU
		{3D661358-2C5F-4DC4-9C63-145AE70A4E3E}.Release|Any CPU.Build.0 = Release|Any CPU
		{3D661358-2C5F-4DC4-9C63-145AE70A4E3E}.Release|x86.ActiveCfg = Release|Any CPU
		{3D661358-2C5F-4DC4-9C63-145AE70A4E3E}.Release|x86.Build.0 = Release|Any CPU
		{F667E62A-00FB-4A59-9BAF-23309CEBB39A}.Debug|Any CPU.ActiveCfg = Debug|Any CPU
		{F667E62A-00FB-4A59-9BAF-23309CEBB39A}.Debug|Any CPU.Build.0 = Debug|Any CPU
		{F667E62A-00FB-4A59-9BAF-23309CEBB39A}.Debug|x86.ActiveCfg = Debug|Any CPU
		{F667E62A-00FB-4A59-9BAF-23309CEBB39A}.Debug|x86.Build.0 = Debug|Any CPU
		{F667E62A-00FB-4A59-9BAF-23309CEBB39A}.Release|Any CPU.ActiveCfg = Release|Any CPU
		{F667E62A-00FB-4A59-9BAF-23309CEBB39A}.Release|Any CPU.Build.0 = Release|Any CPU
		{F667E62A-00FB-4A59-9BAF-23309CEBB39A}.Release|x86.ActiveCfg = Release|Any CPU
		{F667E62A-00FB-4A59-9BAF-23309CEBB39A}.Release|x86.Build.0 = Release|Any CPU
		{33F5F5A4-E812-47BB-97E7-5635FE019374}.Debug|Any CPU.ActiveCfg = Debug|Any CPU
		{33F5F5A4-E812-47BB-97E7-5635FE019374}.Debug|Any CPU.Build.0 = Debug|Any CPU
		{33F5F5A4-E812-47BB-97E7-5635FE019374}.Debug|x86.ActiveCfg = Debug|Any CPU
		{33F5F5A4-E812-47BB-97E7-5635FE019374}.Debug|x86.Build.0 = Debug|Any CPU
		{33F5F5A4-E812-47BB-97E7-5635FE019374}.Release|Any CPU.ActiveCfg = Release|Any CPU
		{33F5F5A4-E812-47BB-97E7-5635FE019374}.Release|Any CPU.Build.0 = Release|Any CPU
		{33F5F5A4-E812-47BB-97E7-5635FE019374}.Release|x86.ActiveCfg = Release|Any CPU
		{33F5F5A4-E812-47BB-97E7-5635FE019374}.Release|x86.Build.0 = Release|Any CPU
		{96FCAC16-D5DD-4367-8F76-CD4372AAE290}.Debug|Any CPU.ActiveCfg = Debug|Any CPU
		{96FCAC16-D5DD-4367-8F76-CD4372AAE290}.Debug|Any CPU.Build.0 = Debug|Any CPU
		{96FCAC16-D5DD-4367-8F76-CD4372AAE290}.Debug|x86.ActiveCfg = Debug|Any CPU
		{96FCAC16-D5DD-4367-8F76-CD4372AAE290}.Debug|x86.Build.0 = Debug|Any CPU
		{96FCAC16-D5DD-4367-8F76-CD4372AAE290}.Release|Any CPU.ActiveCfg = Release|Any CPU
		{96FCAC16-D5DD-4367-8F76-CD4372AAE290}.Release|Any CPU.Build.0 = Release|Any CPU
		{96FCAC16-D5DD-4367-8F76-CD4372AAE290}.Release|x86.ActiveCfg = Release|Any CPU
		{96FCAC16-D5DD-4367-8F76-CD4372AAE290}.Release|x86.Build.0 = Release|Any CPU
		{010A13DF-4E65-4FD0-ACA5-124B73A768BD}.Debug|Any CPU.ActiveCfg = Debug
		{010A13DF-4E65-4FD0-ACA5-124B73A768BD}.Debug|x86.ActiveCfg = Debug
		{010A13DF-4E65-4FD0-ACA5-124B73A768BD}.Release|Any CPU.ActiveCfg = Release
		{010A13DF-4E65-4FD0-ACA5-124B73A768BD}.Release|x86.ActiveCfg = Release
	EndGlobalSection
	GlobalSection(SolutionProperties) = preSolution
		HideSolutionNode = FALSE
	EndGlobalSection
	GlobalSection(NestedProjects) = preSolution
		{D99D7A95-F01C-4D1F-A4DA-6537AC38D9F2} = {6EFD74DD-740C-4890-BAC4-8FFE9D1C4C9B}
		{34CFD490-7571-4F3E-8C4F-503695F5B5E6} = {6EFD74DD-740C-4890-BAC4-8FFE9D1C4C9B}
		{3A1AC708-D3F8-4D56-8C20-F74C507FB429} = {34CFD490-7571-4F3E-8C4F-503695F5B5E6}
		{AC8589A0-628A-4984-B713-BE73A43A9A04} = {34CFD490-7571-4F3E-8C4F-503695F5B5E6}
		{767320BF-9C3D-4997-87D1-952DA256C9C0} = {D99D7A95-F01C-4D1F-A4DA-6537AC38D9F2}
		{B70C9E21-231B-4A22-BC73-EDD296469B28} = {D99D7A95-F01C-4D1F-A4DA-6537AC38D9F2}
		{809A0C3D-FF06-4AF7-9BE3-A8E871DCBA15} = {6EFD74DD-740C-4890-BAC4-8FFE9D1C4C9B}
		{3D661358-2C5F-4DC4-9C63-145AE70A4E3E} = {34CFD490-7571-4F3E-8C4F-503695F5B5E6}
		{F667E62A-00FB-4A59-9BAF-23309CEBB39A} = {D99D7A95-F01C-4D1F-A4DA-6537AC38D9F2}
		{6F5F0131-CF3D-40B3-9D9C-575E96344A45} = {6EFD74DD-740C-4890-BAC4-8FFE9D1C4C9B}
		{33F5F5A4-E812-47BB-97E7-5635FE019374} = {34CFD490-7571-4F3E-8C4F-503695F5B5E6}
		{96FCAC16-D5DD-4367-8F76-CD4372AAE290} = {6EFD74DD-740C-4890-BAC4-8FFE9D1C4C9B}
		{010A13DF-4E65-4FD0-ACA5-124B73A768BD} = {34CFD490-7571-4F3E-8C4F-503695F5B5E6}
	EndGlobalSection
	GlobalSection(ExtensibilityGlobals) = postSolution
		SolutionGuid = {7C528180-8C00-4EFD-9D60-BAFA47D2E6E0}
	EndGlobalSection
EndGlobal
